github.com/hagesjo/godiscord v0.0.5 h1:xQK2r4m4V5+lcAfTOdvrkG3DbwC+LwYmIWHQih2M2+c=
github.com/hagesjo/godiscord v0.0.5/go.mod h1:9fFGOyOgQj9Jf/NFIbvDTmgICj67Z2VRiqCG0F7+dKk=
github.com/hagesjo/webgockets v0.2.2 h1:fUwr3VrqKFoVMynxSnOkh58T9ILcVRQt216qQ+EMGGs=
github.com/hagesjo/webgockets v0.2.2/go.mod h1:wbM+efG5Zo/Bs7wJAygUp1v0ss5k1waTHawTM7JPIP0=
