github.com/hagesjo/godiscord v0.0.1 h1:y2cZVn6pyL7pScv+xFBcQ5nRav9dRRM4ZVSVIN6trmY=
github.com/hagesjo/godiscord v0.0.1/go.mod h1:yQANDctBE7Vg34a6z4U2sPTMFXz8ULbh+HvU3tGcm5g=
github.com/hagesjo/webgockets v0.2.2 h1:fUwr3VrqKFoVMynxSnOkh58T9ILcVRQt216qQ+EMGGs=
github.com/hagesjo/webgockets v0.2.2/go.mod h1:wbM+efG5Zo/Bs7wJAygUp1v0ss5k1waTHawTM7JPIP0=
